
Microsoft Visual Studio Solution File, Format Version 12.00
# Visual Studio Version 17
VisualStudioVersion = 17.5.002.0
MinimumVisualStudioVersion = 10.0.40219.1
Project("{9A19103F-16F7-4668-BE54-9A1E7A4F7556}") = "ConstuctorExample", "ConstuctorExample\ConstuctorExample.csproj", "{275C4156-A798-4F77-A96F-F3B922E11339}"
EndProject
Global
	GlobalSection(SolutionConfigurationPlatforms) = preSolution
		Debug|Any CPU = Debug|Any CPU
		Release|Any CPU = Release|Any CPU
	EndGlobalSection
	GlobalSection(ProjectConfigurationPlatforms) = postSolution
		{275C4156-A798-4F77-A96F-F3B922E11339}.Debug|Any CPU.ActiveCfg = Debug|Any CPU
		{275C4156-A798-4F77-A96F-F3B922E11339}.Debug|Any CPU.Build.0 = Debug|Any CPU
		{275C4156-A798-4F77-A96F-F3B922E11339}.Release|Any CPU.ActiveCfg = Release|Any CPU
		{275C4156-A798-4F77-A96F-F3B922E11339}.Release|Any CPU.Build.0 = Release|Any CPU
	EndGlobalSection
	GlobalSection(SolutionProperties) = preSolution
		HideSolutionNode = FALSE
	EndGlobalSection
	GlobalSection(ExtensibilityGlobals) = postSolution
		SolutionGuid = {993FAF27-26F0-4EE3-89CB-31481C471FFB}
	EndGlobalSection
EndGlobal
